
Microsoft Visual Studio Solution File, Format Version 12.00
# Visual Studio Version 17
VisualStudioVersion = 17.14.36212.18
MinimumVisualStudioVersion = 10.0.40219.1
Project("{FAE04EC0-301F-11D3-BF4B-00C04F79EFBC}") = "NotDefteriAPI", "NotDefteriAPI\NotDefteriAPI.csproj", "{A8C4A192-A5DF-4496-85DD-44194C8A976F}"
EndProject
Project("{FAE04EC0-301F-11D3-BF4B-00C04F79EFBC}") = "Entity", "Entity\Entity.csproj", "{AF6296AC-3A55-4D5F-8451-4E29E6D39CC8}"
EndProject
Project("{FAE04EC0-301F-11D3-BF4B-00C04F79EFBC}") = "DataAccess", "DataAccess\DataAccess.csproj", "{E10A09E3-D5A1-4452-B4BA-714A071A96FD}"
EndProject
Project("{FAE04EC0-301F-11D3-BF4B-00C04F79EFBC}") = "Business", "Business\Business.csproj", "{EA5504EB-F221-4A03-B5F5-F34615468D4C}"
EndProject
Project("{FAE04EC0-301F-11D3-BF4B-00C04F79EFBC}") = "NotTestProject", "NotTestProject\NotTestProject.csproj", "{789138E4-4341-44E5-B2CA-64A73237B184}"
EndProject
Global
	GlobalSection(SolutionConfigurationPlatforms) = preSolution
		Debug|Any CPU = Debug|Any CPU
		Release|Any CPU = Release|Any CPU
	EndGlobalSection
	GlobalSection(ProjectConfigurationPlatforms) = postSolution
		{A8C4A192-A5DF-4496-85DD-44194C8A976F}.Debug|Any CPU.ActiveCfg = Debug|Any CPU
		{A8C4A192-A5DF-4496-85DD-44194C8A976F}.Debug|Any CPU.Build.0 = Debug|Any CPU
		{A8C4A192-A5DF-4496-85DD-44194C8A976F}.Release|Any CPU.ActiveCfg = Release|Any CPU
		{A8C4A192-A5DF-4496-85DD-44194C8A976F}.Release|Any CPU.Build.0 = Release|Any CPU
		{AF6296AC-3A55-4D5F-8451-4E29E6D39CC8}.Debug|Any CPU.ActiveCfg = Debug|Any CPU
		{AF6296AC-3A55-4D5F-8451-4E29E6D39CC8}.Debug|Any CPU.Build.0 = Debug|Any CPU
		{AF6296AC-3A55-4D5F-8451-4E29E6D39CC8}.Release|Any CPU.ActiveCfg = Release|Any CPU
		{AF6296AC-3A55-4D5F-8451-4E29E6D39CC8}.Release|Any CPU.Build.0 = Release|Any CPU
		{E10A09E3-D5A1-4452-B4BA-714A071A96FD}.Debug|Any CPU.ActiveCfg = Debug|Any CPU
		{E10A09E3-D5A1-4452-B4BA-714A071A96FD}.Debug|Any CPU.Build.0 = Debug|Any CPU
		{E10A09E3-D5A1-4452-B4BA-714A071A96FD}.Release|Any CPU.ActiveCfg = Release|Any CPU
		{E10A09E3-D5A1-4452-B4BA-714A071A96FD}.Release|Any CPU.Build.0 = Release|Any CPU
		{EA5504EB-F221-4A03-B5F5-F34615468D4C}.Debug|Any CPU.ActiveCfg = Debug|Any CPU
		{EA5504EB-F221-4A03-B5F5-F34615468D4C}.Debug|Any CPU.Build.0 = Debug|Any CPU
		{EA5504EB-F221-4A03-B5F5-F34615468D4C}.Release|Any CPU.ActiveCfg = Release|Any CPU
		{EA5504EB-F221-4A03-B5F5-F34615468D4C}.Release|Any CPU.Build.0 = Release|Any CPU
		{789138E4-4341-44E5-B2CA-64A73237B184}.Debug|Any CPU.ActiveCfg = Debug|Any CPU
		{789138E4-4341-44E5-B2CA-64A73237B184}.Debug|Any CPU.Build.0 = Debug|Any CPU
		{789138E4-4341-44E5-B2CA-64A73237B184}.Release|Any CPU.ActiveCfg = Release|Any CPU
		{789138E4-4341-44E5-B2CA-64A73237B184}.Release|Any CPU.Build.0 = Release|Any CPU
	EndGlobalSection
	GlobalSection(SolutionProperties) = preSolution
		HideSolutionNode = FALSE
	EndGlobalSection
	GlobalSection(ExtensibilityGlobals) = postSolution
		SolutionGuid = {E1C4B7EA-BFFB-4D9C-A41B-6AB38AFC8871}
	EndGlobalSection
EndGlobal
